// !$*UTF8*$!
{
	archiveVersion = 1;
	classes = {
	};
	objectVersion = 46;
	objects = {

/* Begin PBXBuildFile section */
		F8734E6F15D38ADA00642F8B /* Groundspeak_attributes.m in Sources */ = {isa = PBXBuildFile; fileRef = F8734E6E15D38ADA00642F8B /* Groundspeak_attributes.m */; };
		F8734E7215D38ADA00642F8B /* Cache.m in Sources */ = {isa = PBXBuildFile; fileRef = F8734E7115D38ADA00642F8B /* Cache.m */; };
		F8734E7515D38ADA00642F8B /* Childwaypoint.m in Sources */ = {isa = PBXBuildFile; fileRef = F8734E7415D38ADA00642F8B /* Childwaypoint.m */; };
		F8734E7815D38ADA00642F8B /* Details.m in Sources */ = {isa = PBXBuildFile; fileRef = F8734E7715D38ADA00642F8B /* Details.m */; };
		F8734E7B15D38ADA00642F8B /* GCVote.m in Sources */ = {isa = PBXBuildFile; fileRef = F8734E7A15D38ADA00642F8B /* GCVote.m */; };
		F8734E7E15D38ADA00642F8B /* PQassignment.m in Sources */ = {isa = PBXBuildFile; fileRef = F8734E7D15D38ADA00642F8B /* PQassignment.m */; };
		F8734E8115D38ADA00642F8B /* Travelbug.m in Sources */ = {isa = PBXBuildFile; fileRef = F8734E8015D38ADA00642F8B /* Travelbug.m */; };
		F8734E8415D38ADB00642F8B /* Pocketqueries.m in Sources */ = {isa = PBXBuildFile; fileRef = F8734E8315D38ADB00642F8B /* Pocketqueries.m */; };
		F8734E8715D38ADB00642F8B /* Cachelog.m in Sources */ = {isa = PBXBuildFile; fileRef = F8734E8615D38ADB00642F8B /* Cachelog.m */; };
		F8734E8D15D38ADB00642F8B /* Waypoint.m in Sources */ = {isa = PBXBuildFile; fileRef = F8734E8C15D38ADB00642F8B /* Waypoint.m */; };
		F8734E9115D6A67E00642F8B /* gcdbPQImport.m in Sources */ = {isa = PBXBuildFile; fileRef = F8734E9015D6A67E00642F8B /* gcdbPQImport.m */; };
		F8734E9515D7EEA100642F8B /* gcdbXMLUtils.m in Sources */ = {isa = PBXBuildFile; fileRef = F8734E9415D7EEA100642F8B /* gcdbXMLUtils.m */; };
		F8734E9B15D7F55200642F8B /* NSObject+Utils.m in Sources */ = {isa = PBXBuildFile; fileRef = F8734E9A15D7F55200642F8B /* NSObject+Utils.m */; };
		F8734E9E15D7F8AC00642F8B /* gcdbMOCUtils.m in Sources */ = {isa = PBXBuildFile; fileRef = F8734E9D15D7F8AB00642F8B /* gcdbMOCUtils.m */; };
		F8734EA115D809F300642F8B /* gcdbGeocacheUtils.m in Sources */ = {isa = PBXBuildFile; fileRef = F8734EA015D809F300642F8B /* gcdbGeocacheUtils.m */; };
		F8734EA415D85B8100642F8B /* Userattributes.m in Sources */ = {isa = PBXBuildFile; fileRef = F8734EA315D85B7E00642F8B /* Userattributes.m */; };
		F8C4A00615E42A3600BD0BCB /* gcdbNSView.m in Sources */ = {isa = PBXBuildFile; fileRef = F8C4A00515E42A3500BD0BCB /* gcdbNSView.m */; };
		F8C93F0615CD5102008C53F8 /* Cocoa.framework in Frameworks */ = {isa = PBXBuildFile; fileRef = F8C93F0515CD5102008C53F8 /* Cocoa.framework */; };
		F8C93F1015CD5102008C53F8 /* InfoPlist.strings in Resources */ = {isa = PBXBuildFile; fileRef = F8C93F0E15CD5102008C53F8 /* InfoPlist.strings */; };
		F8C93F1215CD5102008C53F8 /* main.m in Sources */ = {isa = PBXBuildFile; fileRef = F8C93F1115CD5102008C53F8 /* main.m */; };
		F8C93F1615CD5102008C53F8 /* Credits.rtf in Resources */ = {isa = PBXBuildFile; fileRef = F8C93F1415CD5102008C53F8 /* Credits.rtf */; };
		F8C93F1915CD5102008C53F8 /* gcdbAppDelegate.m in Sources */ = {isa = PBXBuildFile; fileRef = F8C93F1815CD5102008C53F8 /* gcdbAppDelegate.m */; };
		F8C93F1C15CD5102008C53F8 /* MainMenu.xib in Resources */ = {isa = PBXBuildFile; fileRef = F8C93F1A15CD5102008C53F8 /* MainMenu.xib */; };
		F8C93F1F15CD5102008C53F8 /* osxgcdb.xcdatamodeld in Sources */ = {isa = PBXBuildFile; fileRef = F8C93F1D15CD5102008C53F8 /* osxgcdb.xcdatamodeld */; };
		F8C93F2715CD5103008C53F8 /* osxgcdbImporter.mdimporter in Resources */ = {isa = PBXBuildFile; fileRef = F8C93F2415CD5103008C53F8 /* osxgcdbImporter.mdimporter */; };
		F8C93F2915CD5103008C53F8 /* CoreServices.framework in Frameworks */ = {isa = PBXBuildFile; fileRef = F8C93F2815CD5103008C53F8 /* CoreServices.framework */; };
		F8C93F2B15CD5103008C53F8 /* CoreFoundation.framework in Frameworks */ = {isa = PBXBuildFile; fileRef = F8C93F2A15CD5103008C53F8 /* CoreFoundation.framework */; };
		F8C93F2D15CD5103008C53F8 /* CoreData.framework in Frameworks */ = {isa = PBXBuildFile; fileRef = F8C93F2C15CD5103008C53F8 /* CoreData.framework */; };
		F8C93F2F15CD5103008C53F8 /* Foundation.framework in Frameworks */ = {isa = PBXBuildFile; fileRef = F8C93F2E15CD5103008C53F8 /* Foundation.framework */; };
		F8C93F3515CD5103008C53F8 /* InfoPlist.strings in Resources */ = {isa = PBXBuildFile; fileRef = F8C93F3315CD5103008C53F8 /* InfoPlist.strings */; };
		F8C93F3715CD5103008C53F8 /* main.c in Sources */ = {isa = PBXBuildFile; fileRef = F8C93F3615CD5103008C53F8 /* main.c */; };
		F8C93F3915CD5103008C53F8 /* GetMetadataForFile.m in Sources */ = {isa = PBXBuildFile; fileRef = F8C93F3815CD5103008C53F8 /* GetMetadataForFile.m */; };
		F8C93F3C15CD5103008C53F8 /* MySpotlightImporter.m in Sources */ = {isa = PBXBuildFile; fileRef = F8C93F3B15CD5103008C53F8 /* MySpotlightImporter.m */; };
		F8C93F4915CD6923008C53F8 /* macgcdb.icns in Resources */ = {isa = PBXBuildFile; fileRef = F8C93F4815CD6923008C53F8 /* macgcdb.icns */; };
		F8C9446B15CD6FB6008C53F8 /* project-downloads.rtf in Resources */ = {isa = PBXBuildFile; fileRef = F8C9425D15CD6FB4008C53F8 /* project-downloads.rtf */; };
		F8C9455715CD75A0008C53F8 /* DDASLLogger.m in Sources */ = {isa = PBXBuildFile; fileRef = F8C9455015CD75A0008C53F8 /* DDASLLogger.m */; };
		F8C9455815CD75A0008C53F8 /* DDFileLogger.m in Sources */ = {isa = PBXBuildFile; fileRef = F8C9455215CD75A0008C53F8 /* DDFileLogger.m */; };
		F8C9455915CD75A0008C53F8 /* DDLog.m in Sources */ = {isa = PBXBuildFile; fileRef = F8C9455415CD75A0008C53F8 /* DDLog.m */; };
		F8C9455A15CD75A0008C53F8 /* DDTTYLogger.m in Sources */ = {isa = PBXBuildFile; fileRef = F8C9455615CD75A0008C53F8 /* DDTTYLogger.m */; };
		F8C9455E15CDA8EB008C53F8 /* libGRMustache4-MacOS.a in Frameworks */ = {isa = PBXBuildFile; fileRef = F8C9455D15CDA8EB008C53F8 /* libGRMustache4-MacOS.a */; };
		F8C9456C15CDAF50008C53F8 /* ioapi.c in Sources */ = {isa = PBXBuildFile; fileRef = F8C9456215CDAF50008C53F8 /* ioapi.c */; };
		F8C9456D15CDAF50008C53F8 /* mztools.c in Sources */ = {isa = PBXBuildFile; fileRef = F8C9456415CDAF50008C53F8 /* mztools.c */; };
		F8C9456E15CDAF50008C53F8 /* unzip.c in Sources */ = {isa = PBXBuildFile; fileRef = F8C9456615CDAF50008C53F8 /* unzip.c */; };
		F8C9456F15CDAF50008C53F8 /* zip.c in Sources */ = {isa = PBXBuildFile; fileRef = F8C9456815CDAF50008C53F8 /* zip.c */; };
		F8C9457015CDAF50008C53F8 /* SSZipArchive.m in Sources */ = {isa = PBXBuildFile; fileRef = F8C9456B15CDAF50008C53F8 /* SSZipArchive.m */; };
		F8C9457215CDB053008C53F8 /* libz.dylib in Frameworks */ = {isa = PBXBuildFile; fileRef = F8C9457115CDB053008C53F8 /* libz.dylib */; };
		F8C9457415CDCD82008C53F8 /* LICENSE in Resources */ = {isa = PBXBuildFile; fileRef = F8C9457315CDCD82008C53F8 /* LICENSE */; };
		F8FDE1D515E6D8C000F00DFC /* WebKit.framework in Frameworks */ = {isa = PBXBuildFile; fileRef = F8FDE1D415E6D8C000F00DFC /* WebKit.framework */; };
/* End PBXBuildFile section */

/* Begin PBXContainerItemProxy section */
		F8C93F2515CD5103008C53F8 /* PBXContainerItemProxy */ = {
			isa = PBXContainerItemProxy;
			containerPortal = F8C93EF815CD5102008C53F8 /* Project object */;
			proxyType = 1;
			remoteGlobalIDString = F8C93F2315CD5103008C53F8;
			remoteInfo = osxgcdbImporter;
		};
/* End PBXContainerItemProxy section */

/* Begin PBXFileReference section */
		F8734E6D15D38ADA00642F8B /* Groundspeak_attributes.h */ = {isa = PBXFileReference; fileEncoding = 4; lastKnownFileType = sourcecode.c.h; name = Groundspeak_attributes.h; path = "core-data-classes/Groundspeak_attributes.h"; sourceTree = "<group>"; };
		F8734E6E15D38ADA00642F8B /* Groundspeak_attributes.m */ = {isa = PBXFileReference; fileEncoding = 4; lastKnownFileType = sourcecode.c.objc; name = Groundspeak_attributes.m; path = "core-data-classes/Groundspeak_attributes.m"; sourceTree = "<group>"; };
		F8734E7015D38ADA00642F8B /* Cache.h */ = {isa = PBXFileReference; fileEncoding = 4; lastKnownFileType = sourcecode.c.h; name = Cache.h; path = "core-data-classes/Cache.h"; sourceTree = "<group>"; };
		F8734E7115D38ADA00642F8B /* Cache.m */ = {isa = PBXFileReference; fileEncoding = 4; lastKnownFileType = sourcecode.c.objc; name = Cache.m; path = "core-data-classes/Cache.m"; sourceTree = "<group>"; };
		F8734E7315D38ADA00642F8B /* Childwaypoint.h */ = {isa = PBXFileReference; fileEncoding = 4; lastKnownFileType = sourcecode.c.h; name = Childwaypoint.h; path = "core-data-classes/Childwaypoint.h"; sourceTree = "<group>"; };
		F8734E7415D38ADA00642F8B /* Childwaypoint.m */ = {isa = PBXFileReference; fileEncoding = 4; lastKnownFileType = sourcecode.c.objc; name = Childwaypoint.m; path = "core-data-classes/Childwaypoint.m"; sourceTree = "<group>"; };
		F8734E7615D38ADA00642F8B /* Details.h */ = {isa = PBXFileReference; fileEncoding = 4; lastKnownFileType = sourcecode.c.h; name = Details.h; path = "core-data-classes/Details.h"; sourceTree = "<group>"; };
		F8734E7715D38ADA00642F8B /* Details.m */ = {isa = PBXFileReference; fileEncoding = 4; lastKnownFileType = sourcecode.c.objc; name = Details.m; path = "core-data-classes/Details.m"; sourceTree = "<group>"; };
		F8734E7915D38ADA00642F8B /* GCVote.h */ = {isa = PBXFileReference; fileEncoding = 4; lastKnownFileType = sourcecode.c.h; name = GCVote.h; path = "core-data-classes/GCVote.h"; sourceTree = "<group>"; };
		F8734E7A15D38ADA00642F8B /* GCVote.m */ = {isa = PBXFileReference; fileEncoding = 4; lastKnownFileType = sourcecode.c.objc; name = GCVote.m; path = "core-data-classes/GCVote.m"; sourceTree = "<group>"; };
		F8734E7C15D38ADA00642F8B /* PQassignment.h */ = {isa = PBXFileReference; fileEncoding = 4; lastKnownFileType = sourcecode.c.h; name = PQassignment.h; path = "core-data-classes/PQassignment.h"; sourceTree = "<group>"; };
		F8734E7D15D38ADA00642F8B /* PQassignment.m */ = {isa = PBXFileReference; fileEncoding = 4; lastKnownFileType = sourcecode.c.objc; name = PQassignment.m; path = "core-data-classes/PQassignment.m"; sourceTree = "<group>"; };
		F8734E7F15D38ADA00642F8B /* Travelbug.h */ = {isa = PBXFileReference; fileEncoding = 4; lastKnownFileType = sourcecode.c.h; name = Travelbug.h; path = "core-data-classes/Travelbug.h"; sourceTree = "<group>"; };
		F8734E8015D38ADA00642F8B /* Travelbug.m */ = {isa = PBXFileReference; fileEncoding = 4; lastKnownFileType = sourcecode.c.objc; name = Travelbug.m; path = "core-data-classes/Travelbug.m"; sourceTree = "<group>"; };
		F8734E8215D38ADB00642F8B /* Pocketqueries.h */ = {isa = PBXFileReference; fileEncoding = 4; lastKnownFileType = sourcecode.c.h; name = Pocketqueries.h; path = "core-data-classes/Pocketqueries.h"; sourceTree = "<group>"; };
		F8734E8315D38ADB00642F8B /* Pocketqueries.m */ = {isa = PBXFileReference; fileEncoding = 4; lastKnownFileType = sourcecode.c.objc; name = Pocketqueries.m; path = "core-data-classes/Pocketqueries.m"; sourceTree = "<group>"; };
		F8734E8515D38ADB00642F8B /* Cachelog.h */ = {isa = PBXFileReference; fileEncoding = 4; lastKnownFileType = sourcecode.c.h; name = Cachelog.h; path = "core-data-classes/Cachelog.h"; sourceTree = "<group>"; };
		F8734E8615D38ADB00642F8B /* Cachelog.m */ = {isa = PBXFileReference; fileEncoding = 4; lastKnownFileType = sourcecode.c.objc; name = Cachelog.m; path = "core-data-classes/Cachelog.m"; sourceTree = "<group>"; };
		F8734E8B15D38ADB00642F8B /* Waypoint.h */ = {isa = PBXFileReference; fileEncoding = 4; lastKnownFileType = sourcecode.c.h; name = Waypoint.h; path = "core-data-classes/Waypoint.h"; sourceTree = "<group>"; };
		F8734E8C15D38ADB00642F8B /* Waypoint.m */ = {isa = PBXFileReference; fileEncoding = 4; lastKnownFileType = sourcecode.c.objc; name = Waypoint.m; path = "core-data-classes/Waypoint.m"; sourceTree = "<group>"; };
		F8734E8F15D6A67E00642F8B /* gcdbPQImport.h */ = {isa = PBXFileReference; fileEncoding = 4; lastKnownFileType = sourcecode.c.h; path = gcdbPQImport.h; sourceTree = "<group>"; };
		F8734E9015D6A67E00642F8B /* gcdbPQImport.m */ = {isa = PBXFileReference; fileEncoding = 4; lastKnownFileType = sourcecode.c.objc; path = gcdbPQImport.m; sourceTree = "<group>"; };
		F8734E9315D7EEA100642F8B /* gcdbXMLUtils.h */ = {isa = PBXFileReference; fileEncoding = 4; lastKnownFileType = sourcecode.c.h; path = gcdbXMLUtils.h; sourceTree = "<group>"; };
		F8734E9415D7EEA100642F8B /* gcdbXMLUtils.m */ = {isa = PBXFileReference; fileEncoding = 4; lastKnownFileType = sourcecode.c.objc; path = gcdbXMLUtils.m; sourceTree = "<group>"; };
		F8734E9915D7F55200642F8B /* NSObject+Utils.h */ = {isa = PBXFileReference; fileEncoding = 4; lastKnownFileType = sourcecode.c.h; path = "NSObject+Utils.h"; sourceTree = "<group>"; };
		F8734E9A15D7F55200642F8B /* NSObject+Utils.m */ = {isa = PBXFileReference; fileEncoding = 4; lastKnownFileType = sourcecode.c.objc; path = "NSObject+Utils.m"; sourceTree = "<group>"; };
		F8734E9C15D7F8AB00642F8B /* gcdbMOCUtils.h */ = {isa = PBXFileReference; fileEncoding = 4; lastKnownFileType = sourcecode.c.h; path = gcdbMOCUtils.h; sourceTree = "<group>"; };
		F8734E9D15D7F8AB00642F8B /* gcdbMOCUtils.m */ = {isa = PBXFileReference; fileEncoding = 4; lastKnownFileType = sourcecode.c.objc; path = gcdbMOCUtils.m; sourceTree = "<group>"; };
		F8734E9F15D809F300642F8B /* gcdbGeocacheUtils.h */ = {isa = PBXFileReference; fileEncoding = 4; lastKnownFileType = sourcecode.c.h; path = gcdbGeocacheUtils.h; sourceTree = "<group>"; };
		F8734EA015D809F300642F8B /* gcdbGeocacheUtils.m */ = {isa = PBXFileReference; fileEncoding = 4; lastKnownFileType = sourcecode.c.objc; path = gcdbGeocacheUtils.m; sourceTree = "<group>"; };
		F8734EA215D85B7D00642F8B /* Userattributes.h */ = {isa = PBXFileReference; fileEncoding = 4; lastKnownFileType = sourcecode.c.h; name = Userattributes.h; path = "core-data-classes/Userattributes.h"; sourceTree = "<group>"; };
		F8734EA315D85B7E00642F8B /* Userattributes.m */ = {isa = PBXFileReference; fileEncoding = 4; lastKnownFileType = sourcecode.c.objc; name = Userattributes.m; path = "core-data-classes/Userattributes.m"; sourceTree = "<group>"; };
		F8C4A00415E42A3500BD0BCB /* gcdbNSView.h */ = {isa = PBXFileReference; fileEncoding = 4; lastKnownFileType = sourcecode.c.h; path = gcdbNSView.h; sourceTree = "<group>"; };
		F8C4A00515E42A3500BD0BCB /* gcdbNSView.m */ = {isa = PBXFileReference; fileEncoding = 4; lastKnownFileType = sourcecode.c.objc; path = gcdbNSView.m; sourceTree = "<group>"; };
		F8C93F0115CD5102008C53F8 /* osxgcdb.app */ = {isa = PBXFileReference; explicitFileType = wrapper.application; includeInIndex = 0; path = osxgcdb.app; sourceTree = BUILT_PRODUCTS_DIR; };
		F8C93F0515CD5102008C53F8 /* Cocoa.framework */ = {isa = PBXFileReference; lastKnownFileType = wrapper.framework; name = Cocoa.framework; path = System/Library/Frameworks/Cocoa.framework; sourceTree = SDKROOT; };
		F8C93F0815CD5102008C53F8 /* AppKit.framework */ = {isa = PBXFileReference; lastKnownFileType = wrapper.framework; name = AppKit.framework; path = System/Library/Frameworks/AppKit.framework; sourceTree = SDKROOT; };
		F8C93F0915CD5102008C53F8 /* CoreData.framework */ = {isa = PBXFileReference; lastKnownFileType = wrapper.framework; name = CoreData.framework; path = System/Library/Frameworks/CoreData.framework; sourceTree = SDKROOT; };
		F8C93F0A15CD5102008C53F8 /* Foundation.framework */ = {isa = PBXFileReference; lastKnownFileType = wrapper.framework; name = Foundation.framework; path = System/Library/Frameworks/Foundation.framework; sourceTree = SDKROOT; };
		F8C93F0D15CD5102008C53F8 /* osxgcdb-Info.plist */ = {isa = PBXFileReference; lastKnownFileType = text.plist.xml; path = "osxgcdb-Info.plist"; sourceTree = "<group>"; };
		F8C93F0F15CD5102008C53F8 /* en */ = {isa = PBXFileReference; lastKnownFileType = text.plist.strings; name = en; path = en.lproj/InfoPlist.strings; sourceTree = "<group>"; };
		F8C93F1115CD5102008C53F8 /* main.m */ = {isa = PBXFileReference; lastKnownFileType = sourcecode.c.objc; path = main.m; sourceTree = "<group>"; };
		F8C93F1315CD5102008C53F8 /* osxgcdb-Prefix.pch */ = {isa = PBXFileReference; lastKnownFileType = sourcecode.c.h; path = "osxgcdb-Prefix.pch"; sourceTree = "<group>"; };
		F8C93F1515CD5102008C53F8 /* en */ = {isa = PBXFileReference; lastKnownFileType = text.rtf; name = en; path = en.lproj/Credits.rtf; sourceTree = "<group>"; };
		F8C93F1715CD5102008C53F8 /* gcdbAppDelegate.h */ = {isa = PBXFileReference; lastKnownFileType = sourcecode.c.h; path = gcdbAppDelegate.h; sourceTree = "<group>"; };
		F8C93F1815CD5102008C53F8 /* gcdbAppDelegate.m */ = {isa = PBXFileReference; lastKnownFileType = sourcecode.c.objc; path = gcdbAppDelegate.m; sourceTree = "<group>"; };
		F8C93F1B15CD5102008C53F8 /* en */ = {isa = PBXFileReference; lastKnownFileType = file.xib; name = en; path = en.lproj/MainMenu.xib; sourceTree = "<group>"; };
		F8C93F1E15CD5102008C53F8 /* osxgcdb.xcdatamodel */ = {isa = PBXFileReference; lastKnownFileType = wrapper.xcdatamodel; path = osxgcdb.xcdatamodel; sourceTree = "<group>"; };
		F8C93F2415CD5103008C53F8 /* osxgcdbImporter.mdimporter */ = {isa = PBXFileReference; explicitFileType = wrapper.cfbundle; includeInIndex = 0; path = osxgcdbImporter.mdimporter; sourceTree = BUILT_PRODUCTS_DIR; };
		F8C93F2815CD5103008C53F8 /* CoreServices.framework */ = {isa = PBXFileReference; lastKnownFileType = wrapper.framework; name = CoreServices.framework; path = System/Library/Frameworks/CoreServices.framework; sourceTree = SDKROOT; };
		F8C93F2A15CD5103008C53F8 /* CoreFoundation.framework */ = {isa = PBXFileReference; lastKnownFileType = wrapper.framework; name = CoreFoundation.framework; path = System/Library/Frameworks/CoreFoundation.framework; sourceTree = SDKROOT; };
		F8C93F2C15CD5103008C53F8 /* CoreData.framework */ = {isa = PBXFileReference; lastKnownFileType = wrapper.framework; name = CoreData.framework; path = System/Library/Frameworks/CoreData.framework; sourceTree = SDKROOT; };
		F8C93F2E15CD5103008C53F8 /* Foundation.framework */ = {isa = PBXFileReference; lastKnownFileType = wrapper.framework; name = Foundation.framework; path = System/Library/Frameworks/Foundation.framework; sourceTree = SDKROOT; };
		F8C93F3215CD5103008C53F8 /* osxgcdbImporter-Info.plist */ = {isa = PBXFileReference; lastKnownFileType = text.plist.xml; path = "osxgcdbImporter-Info.plist"; sourceTree = "<group>"; };
		F8C93F3415CD5103008C53F8 /* en */ = {isa = PBXFileReference; lastKnownFileType = text.plist.strings; name = en; path = en.lproj/InfoPlist.strings; sourceTree = "<group>"; };
		F8C93F3615CD5103008C53F8 /* main.c */ = {isa = PBXFileReference; lastKnownFileType = sourcecode.c.c; path = main.c; sourceTree = "<group>"; };
		F8C93F3815CD5103008C53F8 /* GetMetadataForFile.m */ = {isa = PBXFileReference; lastKnownFileType = sourcecode.c.objc; path = GetMetadataForFile.m; sourceTree = "<group>"; };
		F8C93F3A15CD5103008C53F8 /* MySpotlightImporter.h */ = {isa = PBXFileReference; lastKnownFileType = sourcecode.c.h; path = MySpotlightImporter.h; sourceTree = "<group>"; };
		F8C93F3B15CD5103008C53F8 /* MySpotlightImporter.m */ = {isa = PBXFileReference; lastKnownFileType = sourcecode.c.objc; path = MySpotlightImporter.m; sourceTree = "<group>"; };
		F8C93F3D15CD5103008C53F8 /* Importer Read Me.txt */ = {isa = PBXFileReference; lastKnownFileType = text; path = "Importer Read Me.txt"; sourceTree = "<group>"; };
		F8C93F3E15CD5103008C53F8 /* osxgcdbImporter-Prefix.pch */ = {isa = PBXFileReference; lastKnownFileType = sourcecode.c.h; path = "osxgcdbImporter-Prefix.pch"; sourceTree = "<group>"; };
		F8C93F4715CD5134008C53F8 /* osxgcdb.entitlements */ = {isa = PBXFileReference; lastKnownFileType = text.xml; path = osxgcdb.entitlements; sourceTree = "<group>"; };
		F8C93F4815CD6923008C53F8 /* macgcdb.icns */ = {isa = PBXFileReference; lastKnownFileType = image.icns; path = macgcdb.icns; sourceTree = "<group>"; };
		F8C9425D15CD6FB4008C53F8 /* project-downloads.rtf */ = {isa = PBXFileReference; fileEncoding = 4; lastKnownFileType = text.rtf; path = "project-downloads.rtf"; sourceTree = "<group>"; };
		F8C9454F15CD75A0008C53F8 /* DDASLLogger.h */ = {isa = PBXFileReference; fileEncoding = 4; lastKnownFileType = sourcecode.c.h; name = DDASLLogger.h; path = CocoaLumberjack/Lumberjack/DDASLLogger.h; sourceTree = "<group>"; };
		F8C9455015CD75A0008C53F8 /* DDASLLogger.m */ = {isa = PBXFileReference; fileEncoding = 4; lastKnownFileType = sourcecode.c.objc; name = DDASLLogger.m; path = CocoaLumberjack/Lumberjack/DDASLLogger.m; sourceTree = "<group>"; };
		F8C9455115CD75A0008C53F8 /* DDFileLogger.h */ = {isa = PBXFileReference; fileEncoding = 4; lastKnownFileType = sourcecode.c.h; name = DDFileLogger.h; path = CocoaLumberjack/Lumberjack/DDFileLogger.h; sourceTree = "<group>"; };
		F8C9455215CD75A0008C53F8 /* DDFileLogger.m */ = {isa = PBXFileReference; fileEncoding = 4; lastKnownFileType = sourcecode.c.objc; name = DDFileLogger.m; path = CocoaLumberjack/Lumberjack/DDFileLogger.m; sourceTree = "<group>"; };
		F8C9455315CD75A0008C53F8 /* DDLog.h */ = {isa = PBXFileReference; fileEncoding = 4; lastKnownFileType = sourcecode.c.h; name = DDLog.h; path = CocoaLumberjack/Lumberjack/DDLog.h; sourceTree = "<group>"; };
		F8C9455415CD75A0008C53F8 /* DDLog.m */ = {isa = PBXFileReference; fileEncoding = 4; lastKnownFileType = sourcecode.c.objc; name = DDLog.m; path = CocoaLumberjack/Lumberjack/DDLog.m; sourceTree = "<group>"; };
		F8C9455515CD75A0008C53F8 /* DDTTYLogger.h */ = {isa = PBXFileReference; fileEncoding = 4; lastKnownFileType = sourcecode.c.h; name = DDTTYLogger.h; path = CocoaLumberjack/Lumberjack/DDTTYLogger.h; sourceTree = "<group>"; };
		F8C9455615CD75A0008C53F8 /* DDTTYLogger.m */ = {isa = PBXFileReference; fileEncoding = 4; lastKnownFileType = sourcecode.c.objc; name = DDTTYLogger.m; path = CocoaLumberjack/Lumberjack/DDTTYLogger.m; sourceTree = "<group>"; };
		F8C9455C15CDA8DE008C53F8 /* GRMustache.h */ = {isa = PBXFileReference; fileEncoding = 4; lastKnownFileType = sourcecode.c.h; name = GRMustache.h; path = GRMustache/include/GRMustache.h; sourceTree = "<group>"; };
		F8C9455D15CDA8EB008C53F8 /* libGRMustache4-MacOS.a */ = {isa = PBXFileReference; lastKnownFileType = archive.ar; name = "libGRMustache4-MacOS.a"; path = "GRMustache/lib/libGRMustache4-MacOS.a"; sourceTree = "<group>"; };
		F8C9456115CDAF50008C53F8 /* crypt.h */ = {isa = PBXFileReference; fileEncoding = 4; lastKnownFileType = sourcecode.c.h; path = crypt.h; sourceTree = "<group>"; };
		F8C9456215CDAF50008C53F8 /* ioapi.c */ = {isa = PBXFileReference; fileEncoding = 4; lastKnownFileType = sourcecode.c.c; path = ioapi.c; sourceTree = "<group>"; };
		F8C9456315CDAF50008C53F8 /* ioapi.h */ = {isa = PBXFileReference; fileEncoding = 4; lastKnownFileType = sourcecode.c.h; path = ioapi.h; sourceTree = "<group>"; };
		F8C9456415CDAF50008C53F8 /* mztools.c */ = {isa = PBXFileReference; fileEncoding = 4; lastKnownFileType = sourcecode.c.c; path = mztools.c; sourceTree = "<group>"; };
		F8C9456515CDAF50008C53F8 /* mztools.h */ = {isa = PBXFileReference; fileEncoding = 4; lastKnownFileType = sourcecode.c.h; path = mztools.h; sourceTree = "<group>"; };
		F8C9456615CDAF50008C53F8 /* unzip.c */ = {isa = PBXFileReference; fileEncoding = 4; lastKnownFileType = sourcecode.c.c; path = unzip.c; sourceTree = "<group>"; };
		F8C9456715CDAF50008C53F8 /* unzip.h */ = {isa = PBXFileReference; fileEncoding = 4; lastKnownFileType = sourcecode.c.h; path = unzip.h; sourceTree = "<group>"; };
		F8C9456815CDAF50008C53F8 /* zip.c */ = {isa = PBXFileReference; fileEncoding = 4; lastKnownFileType = sourcecode.c.c; path = zip.c; sourceTree = "<group>"; };
		F8C9456915CDAF50008C53F8 /* zip.h */ = {isa = PBXFileReference; fileEncoding = 4; lastKnownFileType = sourcecode.c.h; path = zip.h; sourceTree = "<group>"; };
		F8C9456A15CDAF50008C53F8 /* SSZipArchive.h */ = {isa = PBXFileReference; fileEncoding = 4; lastKnownFileType = sourcecode.c.h; name = SSZipArchive.h; path = ssziparchive/SSZipArchive.h; sourceTree = "<group>"; };
		F8C9456B15CDAF50008C53F8 /* SSZipArchive.m */ = {isa = PBXFileReference; fileEncoding = 4; lastKnownFileType = sourcecode.c.objc; name = SSZipArchive.m; path = ssziparchive/SSZipArchive.m; sourceTree = "<group>"; };
		F8C9457115CDB053008C53F8 /* libz.dylib */ = {isa = PBXFileReference; lastKnownFileType = "compiled.mach-o.dylib"; name = libz.dylib; path = usr/lib/libz.dylib; sourceTree = SDKROOT; };
		F8C9457315CDCD82008C53F8 /* LICENSE */ = {isa = PBXFileReference; fileEncoding = 4; lastKnownFileType = text; path = LICENSE; sourceTree = "<group>"; };
		F8FDE1D415E6D8C000F00DFC /* WebKit.framework */ = {isa = PBXFileReference; lastKnownFileType = wrapper.framework; name = WebKit.framework; path = System/Library/Frameworks/WebKit.framework; sourceTree = SDKROOT; };
/* End PBXFileReference section */

/* Begin PBXFrameworksBuildPhase section */
		F8C93EFE15CD5102008C53F8 /* Frameworks */ = {
			isa = PBXFrameworksBuildPhase;
			buildActionMask = 2147483647;
			files = (
				F8FDE1D515E6D8C000F00DFC /* WebKit.framework in Frameworks */,
				F8C9457215CDB053008C53F8 /* libz.dylib in Frameworks */,
				F8C93F0615CD5102008C53F8 /* Cocoa.framework in Frameworks */,
				F8C9455E15CDA8EB008C53F8 /* libGRMustache4-MacOS.a in Frameworks */,
			);
			runOnlyForDeploymentPostprocessing = 0;
		};
		F8C93F2115CD5103008C53F8 /* Frameworks */ = {
			isa = PBXFrameworksBuildPhase;
			buildActionMask = 2147483647;
			files = (
				F8C93F2915CD5103008C53F8 /* CoreServices.framework in Frameworks */,
				F8C93F2B15CD5103008C53F8 /* CoreFoundation.framework in Frameworks */,
				F8C93F2D15CD5103008C53F8 /* CoreData.framework in Frameworks */,
				F8C93F2F15CD5103008C53F8 /* Foundation.framework in Frameworks */,
			);
			runOnlyForDeploymentPostprocessing = 0;
		};
/* End PBXFrameworksBuildPhase section */

/* Begin PBXGroup section */
		F8734E4115D3183100642F8B /* Core Data Model Classes */ = {
			isa = PBXGroup;
			children = (
				F8734EA215D85B7D00642F8B /* Userattributes.h */,
				F8734EA315D85B7E00642F8B /* Userattributes.m */,
				F8734E8B15D38ADB00642F8B /* Waypoint.h */,
				F8734E8C15D38ADB00642F8B /* Waypoint.m */,
				F8734E8515D38ADB00642F8B /* Cachelog.h */,
				F8734E8615D38ADB00642F8B /* Cachelog.m */,
				F8734E8315D38ADB00642F8B /* Pocketqueries.m */,
				F8734E7F15D38ADA00642F8B /* Travelbug.h */,
				F8734E8015D38ADA00642F8B /* Travelbug.m */,
				F8734E7C15D38ADA00642F8B /* PQassignment.h */,
				F8734E8215D38ADB00642F8B /* Pocketqueries.h */,
				F8734E7D15D38ADA00642F8B /* PQassignment.m */,
				F8734E7915D38ADA00642F8B /* GCVote.h */,
				F8734E7A15D38ADA00642F8B /* GCVote.m */,
				F8734E7615D38ADA00642F8B /* Details.h */,
				F8734E7715D38ADA00642F8B /* Details.m */,
				F8734E7315D38ADA00642F8B /* Childwaypoint.h */,
				F8734E7415D38ADA00642F8B /* Childwaypoint.m */,
				F8734E7015D38ADA00642F8B /* Cache.h */,
				F8734E7115D38ADA00642F8B /* Cache.m */,
				F8734E6D15D38ADA00642F8B /* Groundspeak_attributes.h */,
				F8734E6E15D38ADA00642F8B /* Groundspeak_attributes.m */,
			);
			name = "Core Data Model Classes";
			sourceTree = "<group>";
		};
		F8734E8E15D6A5BE00642F8B /* File Importing */ = {
			isa = PBXGroup;
			children = (
				F8734E8F15D6A67E00642F8B /* gcdbPQImport.h */,
				F8734E9015D6A67E00642F8B /* gcdbPQImport.m */,
			);
			name = "File Importing";
			sourceTree = "<group>";
		};
		F8734E9215D7EE5E00642F8B /* Ulilities */ = {
			isa = PBXGroup;
			children = (
				F8734E9315D7EEA100642F8B /* gcdbXMLUtils.h */,
				F8734E9415D7EEA100642F8B /* gcdbXMLUtils.m */,
				F8734E9915D7F55200642F8B /* NSObject+Utils.h */,
				F8734E9A15D7F55200642F8B /* NSObject+Utils.m */,
				F8734E9C15D7F8AB00642F8B /* gcdbMOCUtils.h */,
				F8734E9D15D7F8AB00642F8B /* gcdbMOCUtils.m */,
				F8734E9F15D809F300642F8B /* gcdbGeocacheUtils.h */,
				F8734EA015D809F300642F8B /* gcdbGeocacheUtils.m */,
			);
			name = Ulilities;
			sourceTree = "<group>";
		};
		F8C93EF615CD5102008C53F8 = {
			isa = PBXGroup;
			children = (
				F8C9457315CDCD82008C53F8 /* LICENSE */,
				F8C9457115CDB053008C53F8 /* libz.dylib */,
				F8C93F4815CD6923008C53F8 /* macgcdb.icns */,
				F8C93F0B15CD5102008C53F8 /* osxgcdb */,
				F8C93F3015CD5103008C53F8 /* osxgcdbImporter */,
				F8C93F0415CD5102008C53F8 /* Frameworks */,
				F8C93F0215CD5102008C53F8 /* Products */,
			);
			sourceTree = "<group>";
		};
		F8C93F0215CD5102008C53F8 /* Products */ = {
			isa = PBXGroup;
			children = (
				F8C93F0115CD5102008C53F8 /* osxgcdb.app */,
				F8C93F2415CD5103008C53F8 /* osxgcdbImporter.mdimporter */,
			);
			name = Products;
			sourceTree = "<group>";
		};
		F8C93F0415CD5102008C53F8 /* Frameworks */ = {
			isa = PBXGroup;
			children = (
				F8C93F0515CD5102008C53F8 /* Cocoa.framework */,
				F8C93F2815CD5103008C53F8 /* CoreServices.framework */,
				F8C93F2A15CD5103008C53F8 /* CoreFoundation.framework */,
				F8C93F2C15CD5103008C53F8 /* CoreData.framework */,
				F8C93F2E15CD5103008C53F8 /* Foundation.framework */,
				F8C93F0715CD5102008C53F8 /* Other Frameworks */,
			);
			name = Frameworks;
			sourceTree = "<group>";
		};
		F8C93F0715CD5102008C53F8 /* Other Frameworks */ = {
			isa = PBXGroup;
			children = (
				F8FDE1D415E6D8C000F00DFC /* WebKit.framework */,
				F8C93F0815CD5102008C53F8 /* AppKit.framework */,
				F8C93F0915CD5102008C53F8 /* CoreData.framework */,
				F8C93F0A15CD5102008C53F8 /* Foundation.framework */,
			);
			name = "Other Frameworks";
			sourceTree = "<group>";
		};
		F8C93F0B15CD5102008C53F8 /* osxgcdb */ = {
			isa = PBXGroup;
			children = (
				F8734E9215D7EE5E00642F8B /* Ulilities */,
				F8734E8E15D6A5BE00642F8B /* File Importing */,
				F8734E4115D3183100642F8B /* Core Data Model Classes */,
				F8C93F4B15CD6FB3008C53F8 /* external-projects */,
				F8C93F4715CD5134008C53F8 /* osxgcdb.entitlements */,
				F8C93F1715CD5102008C53F8 /* gcdbAppDelegate.h */,
				F8C93F1815CD5102008C53F8 /* gcdbAppDelegate.m */,
				F8C93F1A15CD5102008C53F8 /* MainMenu.xib */,
				F8C93F1D15CD5102008C53F8 /* osxgcdb.xcdatamodeld */,
				F8C93F0C15CD5102008C53F8 /* Supporting Files */,
				F8C4A00415E42A3500BD0BCB /* gcdbNSView.h */,
				F8C4A00515E42A3500BD0BCB /* gcdbNSView.m */,
			);
			path = osxgcdb;
			sourceTree = "<group>";
		};
		F8C93F0C15CD5102008C53F8 /* Supporting Files */ = {
			isa = PBXGroup;
			children = (
				F8C93F0D15CD5102008C53F8 /* osxgcdb-Info.plist */,
				F8C93F0E15CD5102008C53F8 /* InfoPlist.strings */,
				F8C93F1115CD5102008C53F8 /* main.m */,
				F8C93F1315CD5102008C53F8 /* osxgcdb-Prefix.pch */,
				F8C93F1415CD5102008C53F8 /* Credits.rtf */,
			);
			name = "Supporting Files";
			sourceTree = "<group>";
		};
		F8C93F3015CD5103008C53F8 /* osxgcdbImporter */ = {
			isa = PBXGroup;
			children = (
				F8C93F3815CD5103008C53F8 /* GetMetadataForFile.m */,
				F8C93F3A15CD5103008C53F8 /* MySpotlightImporter.h */,
				F8C93F3B15CD5103008C53F8 /* MySpotlightImporter.m */,
				F8C93F3D15CD5103008C53F8 /* Importer Read Me.txt */,
				F8C93F3115CD5103008C53F8 /* Supporting Files */,
			);
			path = osxgcdbImporter;
			sourceTree = "<group>";
		};
		F8C93F3115CD5103008C53F8 /* Supporting Files */ = {
			isa = PBXGroup;
			children = (
				F8C93F3215CD5103008C53F8 /* osxgcdbImporter-Info.plist */,
				F8C93F3315CD5103008C53F8 /* InfoPlist.strings */,
				F8C93F3615CD5103008C53F8 /* main.c */,
				F8C93F3E15CD5103008C53F8 /* osxgcdbImporter-Prefix.pch */,
			);
			name = "Supporting Files";
			sourceTree = "<group>";
		};
		F8C93F4B15CD6FB3008C53F8 /* external-projects */ = {
			isa = PBXGroup;
			children = (
				F8C9455F15CDAF2A008C53F8 /* ssziparchive */,
				F8C9455B15CDA8AD008C53F8 /* GRMustache */,
				F8C9454E15CD70F4008C53F8 /* CocoaLumberjack */,
				F8C9425D15CD6FB4008C53F8 /* project-downloads.rtf */,
			);
			path = "external-projects";
			sourceTree = "<group>";
		};
		F8C9454E15CD70F4008C53F8 /* CocoaLumberjack */ = {
			isa = PBXGroup;
			children = (
				F8C9454F15CD75A0008C53F8 /* DDASLLogger.h */,
				F8C9455015CD75A0008C53F8 /* DDASLLogger.m */,
				F8C9455115CD75A0008C53F8 /* DDFileLogger.h */,
				F8C9455215CD75A0008C53F8 /* DDFileLogger.m */,
				F8C9455315CD75A0008C53F8 /* DDLog.h */,
				F8C9455415CD75A0008C53F8 /* DDLog.m */,
				F8C9455515CD75A0008C53F8 /* DDTTYLogger.h */,
				F8C9455615CD75A0008C53F8 /* DDTTYLogger.m */,
			);
			name = CocoaLumberjack;
			sourceTree = "<group>";
		};
		F8C9455B15CDA8AD008C53F8 /* GRMustache */ = {
			isa = PBXGroup;
			children = (
				F8C9455D15CDA8EB008C53F8 /* libGRMustache4-MacOS.a */,
				F8C9455C15CDA8DE008C53F8 /* GRMustache.h */,
			);
			name = GRMustache;
			sourceTree = "<group>";
		};
		F8C9455F15CDAF2A008C53F8 /* ssziparchive */ = {
			isa = PBXGroup;
			children = (
				F8C9456015CDAF50008C53F8 /* minizip */,
				F8C9456A15CDAF50008C53F8 /* SSZipArchive.h */,
				F8C9456B15CDAF50008C53F8 /* SSZipArchive.m */,
			);
			name = ssziparchive;
			sourceTree = "<group>";
		};
		F8C9456015CDAF50008C53F8 /* minizip */ = {
			isa = PBXGroup;
			children = (
				F8C9456115CDAF50008C53F8 /* crypt.h */,
				F8C9456215CDAF50008C53F8 /* ioapi.c */,
				F8C9456315CDAF50008C53F8 /* ioapi.h */,
				F8C9456415CDAF50008C53F8 /* mztools.c */,
				F8C9456515CDAF50008C53F8 /* mztools.h */,
				F8C9456615CDAF50008C53F8 /* unzip.c */,
				F8C9456715CDAF50008C53F8 /* unzip.h */,
				F8C9456815CDAF50008C53F8 /* zip.c */,
				F8C9456915CDAF50008C53F8 /* zip.h */,
			);
			name = minizip;
			path = ssziparchive/minizip;
			sourceTree = "<group>";
		};
/* End PBXGroup section */

/* Begin PBXNativeTarget section */
		F8C93F0015CD5102008C53F8 /* osxgcdb */ = {
			isa = PBXNativeTarget;
			buildConfigurationList = F8C93F4415CD5103008C53F8 /* Build configuration list for PBXNativeTarget "osxgcdb" */;
			buildPhases = (
				F8C93EFD15CD5102008C53F8 /* Sources */,
				F8C93EFE15CD5102008C53F8 /* Frameworks */,
				F8C93EFF15CD5102008C53F8 /* Resources */,
			);
			buildRules = (
			);
			dependencies = (
				F8C93F2615CD5103008C53F8 /* PBXTargetDependency */,
			);
			name = osxgcdb;
			productName = osxgcdb;
			productReference = F8C93F0115CD5102008C53F8 /* osxgcdb.app */;
			productType = "com.apple.product-type.application";
		};
		F8C93F2315CD5103008C53F8 /* osxgcdbImporter */ = {
			isa = PBXNativeTarget;
			buildConfigurationList = F8C93F4115CD5103008C53F8 /* Build configuration list for PBXNativeTarget "osxgcdbImporter" */;
			buildPhases = (
				F8C93F2015CD5103008C53F8 /* Sources */,
				F8C93F2115CD5103008C53F8 /* Frameworks */,
				F8C93F2215CD5103008C53F8 /* Resources */,
			);
			buildRules = (
			);
			dependencies = (
			);
			name = osxgcdbImporter;
			productName = osxgcdbImporter;
			productReference = F8C93F2415CD5103008C53F8 /* osxgcdbImporter.mdimporter */;
			productType = "com.apple.product-type.bundle";
		};
/* End PBXNativeTarget section */

/* Begin PBXProject section */
		F8C93EF815CD5102008C53F8 /* Project object */ = {
			isa = PBXProject;
			attributes = {
				CLASSPREFIX = gcdb;
				LastUpgradeCheck = 0440;
				ORGANIZATIONNAME = "Danger Man Konsumprodukte";
			};
			buildConfigurationList = F8C93EFB15CD5102008C53F8 /* Build configuration list for PBXProject "osxgcdb" */;
			compatibilityVersion = "Xcode 3.2";
			developmentRegion = English;
			hasScannedForEncodings = 0;
			knownRegions = (
				en,
				English,
			);
			mainGroup = F8C93EF615CD5102008C53F8;
			productRefGroup = F8C93F0215CD5102008C53F8 /* Products */;
			projectDirPath = "";
			projectRoot = "";
			targets = (
				F8C93F0015CD5102008C53F8 /* osxgcdb */,
				F8C93F2315CD5103008C53F8 /* osxgcdbImporter */,
			);
		};
/* End PBXProject section */

/* Begin PBXResourcesBuildPhase section */
		F8C93EFF15CD5102008C53F8 /* Resources */ = {
			isa = PBXResourcesBuildPhase;
			buildActionMask = 2147483647;
			files = (
				F8C93F1015CD5102008C53F8 /* InfoPlist.strings in Resources */,
				F8C93F1615CD5102008C53F8 /* Credits.rtf in Resources */,
				F8C93F1C15CD5102008C53F8 /* MainMenu.xib in Resources */,
				F8C93F2715CD5103008C53F8 /* osxgcdbImporter.mdimporter in Resources */,
				F8C93F4915CD6923008C53F8 /* macgcdb.icns in Resources */,
				F8C9446B15CD6FB6008C53F8 /* project-downloads.rtf in Resources */,
				F8C9457415CDCD82008C53F8 /* LICENSE in Resources */,
			);
			runOnlyForDeploymentPostprocessing = 0;
		};
		F8C93F2215CD5103008C53F8 /* Resources */ = {
			isa = PBXResourcesBuildPhase;
			buildActionMask = 2147483647;
			files = (
				F8C93F3515CD5103008C53F8 /* InfoPlist.strings in Resources */,
			);
			runOnlyForDeploymentPostprocessing = 0;
		};
/* End PBXResourcesBuildPhase section */

/* Begin PBXSourcesBuildPhase section */
		F8C93EFD15CD5102008C53F8 /* Sources */ = {
			isa = PBXSourcesBuildPhase;
			buildActionMask = 2147483647;
			files = (
				F8C93F1215CD5102008C53F8 /* main.m in Sources */,
				F8C93F1915CD5102008C53F8 /* gcdbAppDelegate.m in Sources */,
				F8C93F1F15CD5102008C53F8 /* osxgcdb.xcdatamodeld in Sources */,
				F8C9455715CD75A0008C53F8 /* DDASLLogger.m in Sources */,
				F8C9455815CD75A0008C53F8 /* DDFileLogger.m in Sources */,
				F8C9455915CD75A0008C53F8 /* DDLog.m in Sources */,
				F8C9455A15CD75A0008C53F8 /* DDTTYLogger.m in Sources */,
				F8C9456C15CDAF50008C53F8 /* ioapi.c in Sources */,
				F8C9456D15CDAF50008C53F8 /* mztools.c in Sources */,
				F8C9456E15CDAF50008C53F8 /* unzip.c in Sources */,
				F8C9456F15CDAF50008C53F8 /* zip.c in Sources */,
				F8C9457015CDAF50008C53F8 /* SSZipArchive.m in Sources */,
				F8734E6F15D38ADA00642F8B /* Groundspeak_attributes.m in Sources */,
				F8734E7215D38ADA00642F8B /* Cache.m in Sources */,
				F8734E7515D38ADA00642F8B /* Childwaypoint.m in Sources */,
				F8734E7815D38ADA00642F8B /* Details.m in Sources */,
				F8734E7B15D38ADA00642F8B /* GCVote.m in Sources */,
				F8734E7E15D38ADA00642F8B /* PQassignment.m in Sources */,
				F8734E8115D38ADA00642F8B /* Travelbug.m in Sources */,
				F8734E8415D38ADB00642F8B /* Pocketqueries.m in Sources */,
				F8734E8715D38ADB00642F8B /* Cachelog.m in Sources */,
				F8734E8D15D38ADB00642F8B /* Waypoint.m in Sources */,
				F8734E9115D6A67E00642F8B /* gcdbPQImport.m in Sources */,
				F8734E9515D7EEA100642F8B /* gcdbXMLUtils.m in Sources */,
				F8734E9B15D7F55200642F8B /* NSObject+Utils.m in Sources */,
				F8734E9E15D7F8AC00642F8B /* gcdbMOCUtils.m in Sources */,
				F8734EA115D809F300642F8B /* gcdbGeocacheUtils.m in Sources */,
				F8734EA415D85B8100642F8B /* Userattributes.m in Sources */,
				F8C4A00615E42A3600BD0BCB /* gcdbNSView.m in Sources */,
			);
			runOnlyForDeploymentPostprocessing = 0;
		};
		F8C93F2015CD5103008C53F8 /* Sources */ = {
			isa = PBXSourcesBuildPhase;
			buildActionMask = 2147483647;
			files = (
				F8C93F3715CD5103008C53F8 /* main.c in Sources */,
				F8C93F3915CD5103008C53F8 /* GetMetadataForFile.m in Sources */,
				F8C93F3C15CD5103008C53F8 /* MySpotlightImporter.m in Sources */,
			);
			runOnlyForDeploymentPostprocessing = 0;
		};
/* End PBXSourcesBuildPhase section */

/* Begin PBXTargetDependency section */
		F8C93F2615CD5103008C53F8 /* PBXTargetDependency */ = {
			isa = PBXTargetDependency;
			target = F8C93F2315CD5103008C53F8 /* osxgcdbImporter */;
			targetProxy = F8C93F2515CD5103008C53F8 /* PBXContainerItemProxy */;
		};
/* End PBXTargetDependency section */

/* Begin PBXVariantGroup section */
		F8C93F0E15CD5102008C53F8 /* InfoPlist.strings */ = {
			isa = PBXVariantGroup;
			children = (
				F8C93F0F15CD5102008C53F8 /* en */,
			);
			name = InfoPlist.strings;
			sourceTree = "<group>";
		};
		F8C93F1415CD5102008C53F8 /* Credits.rtf */ = {
			isa = PBXVariantGroup;
			children = (
				F8C93F1515CD5102008C53F8 /* en */,
			);
			name = Credits.rtf;
			sourceTree = "<group>";
		};
		F8C93F1A15CD5102008C53F8 /* MainMenu.xib */ = {
			isa = PBXVariantGroup;
			children = (
				F8C93F1B15CD5102008C53F8 /* en */,
			);
			name = MainMenu.xib;
			sourceTree = "<group>";
		};
		F8C93F3315CD5103008C53F8 /* InfoPlist.strings */ = {
			isa = PBXVariantGroup;
			children = (
				F8C93F3415CD5103008C53F8 /* en */,
			);
			name = InfoPlist.strings;
			sourceTree = "<group>";
		};
/* End PBXVariantGroup section */

/* Begin XCBuildConfiguration section */
		F8C93F3F15CD5103008C53F8 /* Debug */ = {
			isa = XCBuildConfiguration;
			buildSettings = {
				ALWAYS_SEARCH_USER_PATHS = NO;
				ARCHS = "$(ARCHS_STANDARD_64_BIT)";
				CLANG_CXX_LANGUAGE_STANDARD = "gnu++0x";
				CLANG_ENABLE_OBJC_ARC = YES;
				CLANG_WARN__DUPLICATE_METHOD_MATCH = YES;
				COPY_PHASE_STRIP = NO;
				GCC_C_LANGUAGE_STANDARD = gnu99;
				GCC_DYNAMIC_NO_PIC = NO;
				GCC_ENABLE_OBJC_EXCEPTIONS = YES;
				GCC_OPTIMIZATION_LEVEL = 0;
				GCC_PREPROCESSOR_DEFINITIONS = (
					"DEBUG=1",
					"$(inherited)",
				);
				GCC_SYMBOLS_PRIVATE_EXTERN = NO;
				GCC_WARN_64_TO_32_BIT_CONVERSION = YES;
				GCC_WARN_ABOUT_RETURN_TYPE = YES;
				GCC_WARN_UNINITIALIZED_AUTOS = YES;
				GCC_WARN_UNUSED_VARIABLE = YES;
				MACOSX_DEPLOYMENT_TARGET = 10.8;
				ONLY_ACTIVE_ARCH = YES;
				SDKROOT = macosx;
			};
			name = Debug;
		};
		F8C93F4015CD5103008C53F8 /* Release */ = {
			isa = XCBuildConfiguration;
			buildSettings = {
				ALWAYS_SEARCH_USER_PATHS = NO;
				ARCHS = "$(ARCHS_STANDARD_64_BIT)";
				CLANG_CXX_LANGUAGE_STANDARD = "gnu++0x";
				CLANG_ENABLE_OBJC_ARC = YES;
				CLANG_WARN__DUPLICATE_METHOD_MATCH = YES;
				COPY_PHASE_STRIP = YES;
				DEBUG_INFORMATION_FORMAT = "dwarf-with-dsym";
				GCC_C_LANGUAGE_STANDARD = gnu99;
				GCC_ENABLE_OBJC_EXCEPTIONS = YES;
				GCC_WARN_64_TO_32_BIT_CONVERSION = YES;
				GCC_WARN_ABOUT_RETURN_TYPE = YES;
				GCC_WARN_UNINITIALIZED_AUTOS = YES;
				GCC_WARN_UNUSED_VARIABLE = YES;
				MACOSX_DEPLOYMENT_TARGET = 10.8;
				SDKROOT = macosx;
			};
			name = Release;
		};
		F8C93F4215CD5103008C53F8 /* Debug */ = {
			isa = XCBuildConfiguration;
			buildSettings = {
				ALWAYS_SEARCH_USER_PATHS = YES;
				COMBINE_HIDPI_IMAGES = YES;
				GCC_PRECOMPILE_PREFIX_HEADER = YES;
				GCC_PREFIX_HEADER = "osxgcdbImporter/osxgcdbImporter-Prefix.pch";
				INFOPLIST_FILE = "osxgcdbImporter/osxgcdbImporter-Info.plist";
				INSTALL_PATH = "@executable_path/../Contents/Library/Spotlight";
				LIBRARY_STYLE = BUNDLE;
				PRODUCT_NAME = "$(TARGET_NAME)";
				SKIP_INSTALL = YES;
				WRAPPER_EXTENSION = mdimporter;
			};
			name = Debug;
		};
		F8C93F4315CD5103008C53F8 /* Release */ = {
			isa = XCBuildConfiguration;
			buildSettings = {
				ALWAYS_SEARCH_USER_PATHS = YES;
				COMBINE_HIDPI_IMAGES = YES;
				GCC_PRECOMPILE_PREFIX_HEADER = YES;
				GCC_PREFIX_HEADER = "osxgcdbImporter/osxgcdbImporter-Prefix.pch";
				INFOPLIST_FILE = "osxgcdbImporter/osxgcdbImporter-Info.plist";
				INSTALL_PATH = "@executable_path/../Contents/Library/Spotlight";
				LIBRARY_STYLE = BUNDLE;
				PRODUCT_NAME = "$(TARGET_NAME)";
				SKIP_INSTALL = YES;
				WRAPPER_EXTENSION = mdimporter;
			};
			name = Release;
		};
		F8C93F4515CD5103008C53F8 /* Debug */ = {
			isa = XCBuildConfiguration;
			buildSettings = {
				CODE_SIGN_ENTITLEMENTS = osxgcdb/osxgcdb.entitlements;
				COMBINE_HIDPI_IMAGES = YES;
				GCC_PRECOMPILE_PREFIX_HEADER = YES;
				GCC_PREFIX_HEADER = "osxgcdb/osxgcdb-Prefix.pch";
				INFOPLIST_FILE = "osxgcdb/osxgcdb-Info.plist";
				LIBRARY_SEARCH_PATHS = (
					"$(inherited)",
					"\"$(SRCROOT)/osxgcdb/external-projects/GRMustache/lib\"",
				);
				PRODUCT_NAME = "$(TARGET_NAME)";
				WRAPPER_EXTENSION = app;
			};
			name = Debug;
		};
		F8C93F4615CD5103008C53F8 /* Release */ = {
			isa = XCBuildConfiguration;
			buildSettings = {
				CODE_SIGN_ENTITLEMENTS = osxgcdb/osxgcdb.entitlements;
				COMBINE_HIDPI_IMAGES = YES;
				GCC_PRECOMPILE_PREFIX_HEADER = YES;
				GCC_PREFIX_HEADER = "osxgcdb/osxgcdb-Prefix.pch";
				INFOPLIST_FILE = "osxgcdb/osxgcdb-Info.plist";
				LIBRARY_SEARCH_PATHS = (
					"$(inherited)",
					"\"$(SRCROOT)/osxgcdb/external-projects/GRMustache/lib\"",
				);
				PRODUCT_NAME = "$(TARGET_NAME)";
				WRAPPER_EXTENSION = app;
			};
			name = Release;
		};
/* End XCBuildConfiguration section */

/* Begin XCConfigurationList section */
		F8C93EFB15CD5102008C53F8 /* Build configuration list for PBXProject "osxgcdb" */ = {
			isa = XCConfigurationList;
			buildConfigurations = (
				F8C93F3F15CD5103008C53F8 /* Debug */,
				F8C93F4015CD5103008C53F8 /* Release */,
			);
			defaultConfigurationIsVisible = 0;
			defaultConfigurationName = Release;
		};
		F8C93F4115CD5103008C53F8 /* Build configuration list for PBXNativeTarget "osxgcdbImporter" */ = {
			isa = XCConfigurationList;
			buildConfigurations = (
				F8C93F4215CD5103008C53F8 /* Debug */,
				F8C93F4315CD5103008C53F8 /* Release */,
			);
			defaultConfigurationIsVisible = 0;
			defaultConfigurationName = Release;
		};
		F8C93F4415CD5103008C53F8 /* Build configuration list for PBXNativeTarget "osxgcdb" */ = {
			isa = XCConfigurationList;
			buildConfigurations = (
				F8C93F4515CD5103008C53F8 /* Debug */,
				F8C93F4615CD5103008C53F8 /* Release */,
			);
			defaultConfigurationIsVisible = 0;
			defaultConfigurationName = Release;
		};
/* End XCConfigurationList section */

/* Begin XCVersionGroup section */
		F8C93F1D15CD5102008C53F8 /* osxgcdb.xcdatamodeld */ = {
			isa = XCVersionGroup;
			children = (
				F8C93F1E15CD5102008C53F8 /* osxgcdb.xcdatamodel */,
			);
			currentVersion = F8C93F1E15CD5102008C53F8 /* osxgcdb.xcdatamodel */;
			path = osxgcdb.xcdatamodeld;
			sourceTree = "<group>";
			versionGroupType = wrapper.xcdatamodel;
		};
/* End XCVersionGroup section */
	};
	rootObject = F8C93EF815CD5102008C53F8 /* Project object */;
}
